
Microsoft Visual Studio Solution File, Format Version 12.00
# Visual Studio Version 17
VisualStudioVersion = 17.11.35312.102
MinimumVisualStudioVersion = 10.0.40219.1
Project("{FAE04EC0-301F-11D3-BF4B-00C04F79EFBC}") = "EgzaminProbnyConsole11.03.25", "EgzaminProbnyConsole11.03.25\EgzaminProbnyConsole11.03.25.csproj", "{AA157197-9849-4B8F-A294-CD8E942261DA}"
EndProject
Global
	GlobalSection(SolutionConfigurationPlatforms) = preSolution
		Debug|Any CPU = Debug|Any CPU
		Release|Any CPU = Release|Any CPU
	EndGlobalSection
	GlobalSection(ProjectConfigurationPlatforms) = postSolution
		{AA157197-9849-4B8F-A294-CD8E942261DA}.Debug|Any CPU.ActiveCfg = Debug|Any CPU
		{AA157197-9849-4B8F-A294-CD8E942261DA}.Debug|Any CPU.Build.0 = Debug|Any CPU
		{AA157197-9849-4B8F-A294-CD8E942261DA}.Release|Any CPU.ActiveCfg = Release|Any CPU
		{AA157197-9849-4B8F-A294-CD8E942261DA}.Release|Any CPU.Build.0 = Release|Any CPU
	EndGlobalSection
	GlobalSection(SolutionProperties) = preSolution
		HideSolutionNode = FALSE
	EndGlobalSection
	GlobalSection(ExtensibilityGlobals) = postSolution
		SolutionGuid = {7DC83471-BB17-43D8-B685-5998EF33DACD}
	EndGlobalSection
EndGlobal
